
Microsoft Visual Studio Solution File, Format Version 12.00
# Visual Studio Version 17
VisualStudioVersion = 17.5.33516.290
MinimumVisualStudioVersion = 10.0.40219.1
Project("{FAE04EC0-301F-11D3-BF4B-00C04F79EFBC}") = "МВВМ", "МВВМ\МВВМ.csproj", "{6030254E-8627-418B-B5C1-68B6015265AB}"
EndProject
Global
	GlobalSection(SolutionConfigurationPlatforms) = preSolution
		Debug|Any CPU = Debug|Any CPU
		Release|Any CPU = Release|Any CPU
	EndGlobalSection
	GlobalSection(ProjectConfigurationPlatforms) = postSolution
		{6030254E-8627-418B-B5C1-68B6015265AB}.Debug|Any CPU.ActiveCfg = Debug|Any CPU
		{6030254E-8627-418B-B5C1-68B6015265AB}.Debug|Any CPU.Build.0 = Debug|Any CPU
		{6030254E-8627-418B-B5C1-68B6015265AB}.Release|Any CPU.ActiveCfg = Release|Any CPU
		{6030254E-8627-418B-B5C1-68B6015265AB}.Release|Any CPU.Build.0 = Release|Any CPU
	EndGlobalSection
	GlobalSection(SolutionProperties) = preSolution
		HideSolutionNode = FALSE
	EndGlobalSection
	GlobalSection(ExtensibilityGlobals) = postSolution
		SolutionGuid = {52BE797E-7F22-4118-A953-B55E98568E19}
	EndGlobalSection
EndGlobal
